
Microsoft Visual Studio Solution File, Format Version 12.00
# Visual Studio Version 17
VisualStudioVersion = 17.3.32922.545
MinimumVisualStudioVersion = 10.0.40219.1
Project("{8BC9CEB8-8B4A-11D0-8D11-00A0C91BC942}") = "随机数生成引擎", "随机数生成引擎\随机数生成引擎.vcxproj", "{B91C6EDB-18F9-4E97-A2B4-53721E7976D7}"
EndProject
Global
	GlobalSection(SolutionConfigurationPlatforms) = preSolution
		Debug|x64 = Debug|x64
		Debug|x86 = Debug|x86
		Release|x64 = Release|x64
		Release|x86 = Release|x86
	EndGlobalSection
	GlobalSection(ProjectConfigurationPlatforms) = postSolution
		{B91C6EDB-18F9-4E97-A2B4-53721E7976D7}.Debug|x64.ActiveCfg = Debug|x64
		{B91C6EDB-18F9-4E97-A2B4-53721E7976D7}.Debug|x64.Build.0 = Debug|x64
		{B91C6EDB-18F9-4E97-A2B4-53721E7976D7}.Debug|x86.ActiveCfg = Debug|Win32
		{B91C6EDB-18F9-4E97-A2B4-53721E7976D7}.Debug|x86.Build.0 = Debug|Win32
		{B91C6EDB-18F9-4E97-A2B4-53721E7976D7}.Release|x64.ActiveCfg = Release|x64
		{B91C6EDB-18F9-4E97-A2B4-53721E7976D7}.Release|x64.Build.0 = Release|x64
		{B91C6EDB-18F9-4E97-A2B4-53721E7976D7}.Release|x86.ActiveCfg = Release|Win32
		{B91C6EDB-18F9-4E97-A2B4-53721E7976D7}.Release|x86.Build.0 = Release|Win32
	EndGlobalSection
	GlobalSection(SolutionProperties) = preSolution
		HideSolutionNode = FALSE
	EndGlobalSection
	GlobalSection(ExtensibilityGlobals) = postSolution
		SolutionGuid = {F6C44D33-46EE-48A3-ADB7-4B81CB2878E8}
	EndGlobalSection
EndGlobal
